# THIS IS AN AUTOGENERATED FILE. DO NOT EDIT THIS FILE DIRECTLY.
# yarn lockfile v1


bignumber.js@*:
  version "9.3.1"
  resolved "https://registry.yarnpkg.com/bignumber.js/-/bignumber.js-9.3.1.tgz#759c5aaddf2ffdc4f154f7b493e1c8770f88c4d7"
  integrity sha512-Ko0uX15oIUS7wJ3Rb30Fs6SkVbLmPBAKdlm7q9+ak9bbIeFf0MwuBsQV6z7+X768/cHsfg+WlysDWJcmthjsjQ==

i18n-js@^4.5.1:
  version "4.5.1"
  resolved "https://registry.yarnpkg.com/i18n-js/-/i18n-js-4.5.1.tgz#12ea3d6333552ff75be0904ea50705f5a263d172"
  integrity sha512-n7jojFj1WC0tztgr0I8jqTXuIlY1xNzXnC3mjKX/YjJhimdM+jXM8vOmn9d3xQFNC6qDHJ4ovhdrGXrRXLIGkA==
  dependencies:
    bignumber.js "*"
    lodash "*"
    make-plural "*"

lodash@*:
  version "4.17.21"
  resolved "https://registry.yarnpkg.com/lodash/-/lodash-4.17.21.tgz#679591c564c3bffaae8454cf0b3df370c3d6911c"
  integrity sha512-v2kDEe57lecTulaDIuNTPy3Ry4gLGJ6Z1O3vE1krgXZNrsQ+LFTGHVxVjcXPs17LhbZVGedAJv8XZ1tvj5FvSg==

make-plural@*:
  version "7.4.0"
  resolved "https://registry.yarnpkg.com/make-plural/-/make-plural-7.4.0.tgz#fa6990dd550dea4de6b20163f74e5ed83d8a8d6d"
  integrity sha512-4/gC9KVNTV6pvYg2gFeQYTW3mWaoJt7WZE5vrp1KnQDgW92JtYZnzmZT81oj/dUTqAIu0ufI2x3dkgu3bB1tYg==
